
Microsoft Visual Studio Solution File, Format Version 12.00
# Visual Studio 15
VisualStudioVersion = 15.0.28307.1169
MinimumVisualStudioVersion = 10.0.40219.1
Project("{9A19103F-16F7-4668-BE54-9A1E7A4F7556}") = "ServiceWorkshopAPI", "ServiceWorkshopAPI\ServiceWorkshopAPI.csproj", "{30FD2424-1E89-405E-A5E4-11C723348285}"
EndProject
Global
	GlobalSection(SolutionConfigurationPlatforms) = preSolution
		Debug|Any CPU = Debug|Any CPU
		Release|Any CPU = Release|Any CPU
	EndGlobalSection
	GlobalSection(ProjectConfigurationPlatforms) = postSolution
		{30FD2424-1E89-405E-A5E4-11C723348285}.Debug|Any CPU.ActiveCfg = Debug|Any CPU
		{30FD2424-1E89-405E-A5E4-11C723348285}.Debug|Any CPU.Build.0 = Debug|Any CPU
		{30FD2424-1E89-405E-A5E4-11C723348285}.Release|Any CPU.ActiveCfg = Release|Any CPU
		{30FD2424-1E89-405E-A5E4-11C723348285}.Release|Any CPU.Build.0 = Release|Any CPU
	EndGlobalSection
	GlobalSection(SolutionProperties) = preSolution
		HideSolutionNode = FALSE
	EndGlobalSection
	GlobalSection(ExtensibilityGlobals) = postSolution
		SolutionGuid = {E7B93EEE-461B-4F29-BC28-017F8EEC0640}
	EndGlobalSection
EndGlobal
